# THIS IS AN AUTOGENERATED FILE. DO NOT EDIT THIS FILE DIRECTLY.
# yarn lockfile v1


react-websocket@^2.1.0:
  version "2.1.0"
  resolved "https://registry.yarnpkg.com/react-websocket/-/react-websocket-2.1.0.tgz#1150ce55aaa38e845f5711684266a823781ee2e4"
  integrity sha512-VstINrNXmp08aol9TQt1LZQgtzmad6CjTvEX8TYAFxU7K0ByMtDP7T2WMtgNEttWtPThVA7TDhHNu+fGTaAExQ==
